
Microsoft Visual Studio Solution File, Format Version 12.00
# Visual Studio Version 17
VisualStudioVersion = 17.11.35327.3
MinimumVisualStudioVersion = 10.0.40219.1
Project("{FAE04EC0-301F-11D3-BF4B-00C04F79EFBC}") = "Macro-Polo-Excel", "Macro-Polo-Excel\Macro-Polo-Excel.csproj", "{4BDFBAF3-59D3-495D-BFD9-156E693C550C}"
EndProject
Project("{FAE04EC0-301F-11D3-BF4B-00C04F79EFBC}") = "Macro-Polo-Word", "Macro-Polo-Word\Macro-Polo-Word.csproj", "{05D356CA-88A2-4AED-A903-AFB795FCC7C7}"
EndProject
Project("{2150E333-8FDC-42A3-9474-1A3956D46DE8}") = "Solution Items", "Solution Items", "{676BAC7E-30AA-43DB-95C8-7A1B54CA2CFD}"
	ProjectSection(SolutionItems) = preProject
		readme.md = readme.md
	EndProjectSection
EndProject
Project("{2150E333-8FDC-42A3-9474-1A3956D46DE8}") = "images", "images", "{AC027257-5FEA-4613-B6AD-82BA04D65464}"
	ProjectSection(SolutionItems) = preProject
		Images\not_signed_allowed.png = Images\not_signed_allowed.png
		Images\not_signed_not_allowed.png = Images\not_signed_not_allowed.png
		Images\no_macro.png = Images\no_macro.png
		Images\ribbon.png = Images\ribbon.png
		Images\signed_allowed.png = Images\signed_allowed.png
		Images\signed_not_allowed.png = Images\signed_not_allowed.png
	EndProjectSection
EndProject
Project("{54435603-DBB4-11D2-8724-00A0C9A8B90C}") = "Macro-Polo-Installer-x64", "Macro-Polo-Installer-x64\Macro-Polo-Installer-x64.vdproj", "{9E8C9189-1940-4F7D-B031-64012FBB6A27}"
EndProject
Project("{54435603-DBB4-11D2-8724-00A0C9A8B90C}") = "Macro-Polo-Installer-x86", "Macro-Polo-Installer-x86\Macro-Polo-Installer-x86.vdproj", "{EE74F484-0960-4882-8F33-5AD82E94DE09}"
EndProject
Global
	GlobalSection(SolutionConfigurationPlatforms) = preSolution
		Debug|Any CPU = Debug|Any CPU
		Release|Any CPU = Release|Any CPU
	EndGlobalSection
	GlobalSection(ProjectConfigurationPlatforms) = postSolution
		{4BDFBAF3-59D3-495D-BFD9-156E693C550C}.Debug|Any CPU.ActiveCfg = Debug|Any CPU
		{4BDFBAF3-59D3-495D-BFD9-156E693C550C}.Debug|Any CPU.Build.0 = Debug|Any CPU
		{4BDFBAF3-59D3-495D-BFD9-156E693C550C}.Release|Any CPU.ActiveCfg = Release|Any CPU
		{4BDFBAF3-59D3-495D-BFD9-156E693C550C}.Release|Any CPU.Build.0 = Release|Any CPU
		{05D356CA-88A2-4AED-A903-AFB795FCC7C7}.Debug|Any CPU.ActiveCfg = Debug|Any CPU
		{05D356CA-88A2-4AED-A903-AFB795FCC7C7}.Debug|Any CPU.Build.0 = Debug|Any CPU
		{05D356CA-88A2-4AED-A903-AFB795FCC7C7}.Release|Any CPU.ActiveCfg = Release|Any CPU
		{05D356CA-88A2-4AED-A903-AFB795FCC7C7}.Release|Any CPU.Build.0 = Release|Any CPU
		{9E8C9189-1940-4F7D-B031-64012FBB6A27}.Debug|Any CPU.ActiveCfg = Debug
		{9E8C9189-1940-4F7D-B031-64012FBB6A27}.Debug|Any CPU.Build.0 = Debug
		{9E8C9189-1940-4F7D-B031-64012FBB6A27}.Release|Any CPU.ActiveCfg = Release
		{9E8C9189-1940-4F7D-B031-64012FBB6A27}.Release|Any CPU.Build.0 = Release
		{EE74F484-0960-4882-8F33-5AD82E94DE09}.Debug|Any CPU.ActiveCfg = Debug
		{EE74F484-0960-4882-8F33-5AD82E94DE09}.Debug|Any CPU.Build.0 = Debug
		{EE74F484-0960-4882-8F33-5AD82E94DE09}.Release|Any CPU.ActiveCfg = Release
		{EE74F484-0960-4882-8F33-5AD82E94DE09}.Release|Any CPU.Build.0 = Release
	EndGlobalSection
	GlobalSection(SolutionProperties) = preSolution
		HideSolutionNode = FALSE
	EndGlobalSection
	GlobalSection(NestedProjects) = preSolution
		{AC027257-5FEA-4613-B6AD-82BA04D65464} = {676BAC7E-30AA-43DB-95C8-7A1B54CA2CFD}
	EndGlobalSection
	GlobalSection(ExtensibilityGlobals) = postSolution
		SolutionGuid = {6638346D-543B-44F0-A7E6-65424275CE0C}
	EndGlobalSection
EndGlobal
